
Microsoft Visual Studio Solution File, Format Version 12.00
# Visual Studio Version 16
VisualStudioVersion = 16.0.31911.196
MinimumVisualStudioVersion = 10.0.40219.1
Project("{FAE04EC0-301F-11D3-BF4B-00C04F79EFBC}") = "MamaStalker", "MamaStalker\MamaStalker.csproj", "{2FC4D707-7B87-49BC-992F-DBAAB5E9CDE0}"
EndProject
Project("{FAE04EC0-301F-11D3-BF4B-00C04F79EFBC}") = "ServerBase", "ServerBase\ServerBase.csproj", "{439BEC22-D1FC-487B-9D91-BC3710389C41}"
EndProject
Project("{FAE04EC0-301F-11D3-BF4B-00C04F79EFBC}") = "TcPServer", "TcPServer\TcPServer.csproj", "{94788A9E-5FD9-4484-9A5E-148BCD237054}"
EndProject
Project("{FAE04EC0-301F-11D3-BF4B-00C04F79EFBC}") = "Commons", "Commons\Commons.csproj", "{704D5E99-929D-42DD-9E83-BF0A06BC75B2}"
EndProject
Project("{FAE04EC0-301F-11D3-BF4B-00C04F79EFBC}") = "TcpClient", "TcpClient\TcpClient.csproj", "{93431526-4FA0-4E8F-9397-98B47475D904}"
EndProject
Global
	GlobalSection(SolutionConfigurationPlatforms) = preSolution
		Debug|Any CPU = Debug|Any CPU
		Release|Any CPU = Release|Any CPU
	EndGlobalSection
	GlobalSection(ProjectConfigurationPlatforms) = postSolution
		{2FC4D707-7B87-49BC-992F-DBAAB5E9CDE0}.Debug|Any CPU.ActiveCfg = Debug|Any CPU
		{2FC4D707-7B87-49BC-992F-DBAAB5E9CDE0}.Debug|Any CPU.Build.0 = Debug|Any CPU
		{2FC4D707-7B87-49BC-992F-DBAAB5E9CDE0}.Release|Any CPU.ActiveCfg = Release|Any CPU
		{2FC4D707-7B87-49BC-992F-DBAAB5E9CDE0}.Release|Any CPU.Build.0 = Release|Any CPU
		{439BEC22-D1FC-487B-9D91-BC3710389C41}.Debug|Any CPU.ActiveCfg = Debug|Any CPU
		{439BEC22-D1FC-487B-9D91-BC3710389C41}.Debug|Any CPU.Build.0 = Debug|Any CPU
		{439BEC22-D1FC-487B-9D91-BC3710389C41}.Release|Any CPU.ActiveCfg = Release|Any CPU
		{439BEC22-D1FC-487B-9D91-BC3710389C41}.Release|Any CPU.Build.0 = Release|Any CPU
		{94788A9E-5FD9-4484-9A5E-148BCD237054}.Debug|Any CPU.ActiveCfg = Debug|Any CPU
		{94788A9E-5FD9-4484-9A5E-148BCD237054}.Debug|Any CPU.Build.0 = Debug|Any CPU
		{94788A9E-5FD9-4484-9A5E-148BCD237054}.Release|Any CPU.ActiveCfg = Release|Any CPU
		{94788A9E-5FD9-4484-9A5E-148BCD237054}.Release|Any CPU.Build.0 = Release|Any CPU
		{704D5E99-929D-42DD-9E83-BF0A06BC75B2}.Debug|Any CPU.ActiveCfg = Debug|Any CPU
		{704D5E99-929D-42DD-9E83-BF0A06BC75B2}.Debug|Any CPU.Build.0 = Debug|Any CPU
		{704D5E99-929D-42DD-9E83-BF0A06BC75B2}.Release|Any CPU.ActiveCfg = Release|Any CPU
		{704D5E99-929D-42DD-9E83-BF0A06BC75B2}.Release|Any CPU.Build.0 = Release|Any CPU
		{93431526-4FA0-4E8F-9397-98B47475D904}.Debug|Any CPU.ActiveCfg = Debug|Any CPU
		{93431526-4FA0-4E8F-9397-98B47475D904}.Debug|Any CPU.Build.0 = Debug|Any CPU
		{93431526-4FA0-4E8F-9397-98B47475D904}.Release|Any CPU.ActiveCfg = Release|Any CPU
		{93431526-4FA0-4E8F-9397-98B47475D904}.Release|Any CPU.Build.0 = Release|Any CPU
	EndGlobalSection
	GlobalSection(SolutionProperties) = preSolution
		HideSolutionNode = FALSE
	EndGlobalSection
	GlobalSection(ExtensibilityGlobals) = postSolution
		SolutionGuid = {C076B3DB-4D5B-470D-BF5A-CED3D03E6375}
	EndGlobalSection
EndGlobal
